
Microsoft Visual Studio Solution File, Format Version 12.00
# Visual Studio Version 16
VisualStudioVersion = 16.0.31424.327
MinimumVisualStudioVersion = 10.0.40219.1
Project("{9A19103F-16F7-4668-BE54-9A1E7A4F7556}") = "Challenge05", "Challenge05\Challenge05.csproj", "{B162CD4B-837B-454A-B7D2-C6C98DBC4C28}"
EndProject
Project("{FAE04EC0-301F-11D3-BF4B-00C04F79EFBC}") = "Challenge05Test", "Challenge05Test\Challenge05Test.csproj", "{AC830766-BD11-4204-9010-050695CA8B72}"
EndProject
Global
	GlobalSection(SolutionConfigurationPlatforms) = preSolution
		Debug|Any CPU = Debug|Any CPU
		Release|Any CPU = Release|Any CPU
	EndGlobalSection
	GlobalSection(ProjectConfigurationPlatforms) = postSolution
		{B162CD4B-837B-454A-B7D2-C6C98DBC4C28}.Debug|Any CPU.ActiveCfg = Debug|Any CPU
		{B162CD4B-837B-454A-B7D2-C6C98DBC4C28}.Debug|Any CPU.Build.0 = Debug|Any CPU
		{B162CD4B-837B-454A-B7D2-C6C98DBC4C28}.Release|Any CPU.ActiveCfg = Release|Any CPU
		{B162CD4B-837B-454A-B7D2-C6C98DBC4C28}.Release|Any CPU.Build.0 = Release|Any CPU
		{AC830766-BD11-4204-9010-050695CA8B72}.Debug|Any CPU.ActiveCfg = Debug|Any CPU
		{AC830766-BD11-4204-9010-050695CA8B72}.Debug|Any CPU.Build.0 = Debug|Any CPU
		{AC830766-BD11-4204-9010-050695CA8B72}.Release|Any CPU.ActiveCfg = Release|Any CPU
		{AC830766-BD11-4204-9010-050695CA8B72}.Release|Any CPU.Build.0 = Release|Any CPU
	EndGlobalSection
	GlobalSection(SolutionProperties) = preSolution
		HideSolutionNode = FALSE
	EndGlobalSection
	GlobalSection(ExtensibilityGlobals) = postSolution
		SolutionGuid = {20E7E91C-F64E-4D8B-A6DB-D61D2069805E}
	EndGlobalSection
EndGlobal
